
Microsoft Visual Studio Solution File, Format Version 12.00
# Visual Studio Version 17
VisualStudioVersion = 17.5.33502.453
MinimumVisualStudioVersion = 10.0.40219.1
Project("{9A19103F-16F7-4668-BE54-9A1E7A4F7556}") = "Service Billing", "Service Billing.csproj", "{FCECF9FB-AD9F-4FD8-BE71-D00E9CE4D354}"
EndProject
Global
	GlobalSection(SolutionConfigurationPlatforms) = preSolution
		Debug|Any CPU = Debug|Any CPU
		Release|Any CPU = Release|Any CPU
	EndGlobalSection
	GlobalSection(ProjectConfigurationPlatforms) = postSolution
		{FCECF9FB-AD9F-4FD8-BE71-D00E9CE4D354}.Debug|Any CPU.ActiveCfg = Debug|Any CPU
		{FCECF9FB-AD9F-4FD8-BE71-D00E9CE4D354}.Debug|Any CPU.Build.0 = Debug|Any CPU
		{FCECF9FB-AD9F-4FD8-BE71-D00E9CE4D354}.Release|Any CPU.ActiveCfg = Release|Any CPU
		{FCECF9FB-AD9F-4FD8-BE71-D00E9CE4D354}.Release|Any CPU.Build.0 = Release|Any CPU
	EndGlobalSection
	GlobalSection(SolutionProperties) = preSolution
		HideSolutionNode = FALSE
	EndGlobalSection
	GlobalSection(ExtensibilityGlobals) = postSolution
		SolutionGuid = {F9367EC1-97EF-42EE-868E-1C0B4037B8D6}
	EndGlobalSection
EndGlobal
